Microsoft Visual Studio Solution File, Format Version 12.00
# Visual Studio 2012
Project("{FAE04EC0-301F-11D3-BF4B-00C04F79EFBC}") = "NewGameProject", "NewGameProject.csproj", "{DE0C9131-57DF-4615-B2D4-8DD06A82AABE}"
EndProject
Global
	GlobalSection(SolutionConfigurationPlatforms) = preSolution
	Debug|Any CPU = Debug|Any CPU
	ExportDebug|Any CPU = ExportDebug|Any CPU
	ExportRelease|Any CPU = ExportRelease|Any CPU
	EndGlobalSection
	GlobalSection(ProjectConfigurationPlatforms) = postSolution
		{DE0C9131-57DF-4615-B2D4-8DD06A82AABE}.Debug|Any CPU.ActiveCfg = Debug|Any CPU
		{DE0C9131-57DF-4615-B2D4-8DD06A82AABE}.Debug|Any CPU.Build.0 = Debug|Any CPU
		{DE0C9131-57DF-4615-B2D4-8DD06A82AABE}.ExportDebug|Any CPU.ActiveCfg = ExportDebug|Any CPU
		{DE0C9131-57DF-4615-B2D4-8DD06A82AABE}.ExportDebug|Any CPU.Build.0 = ExportDebug|Any CPU
		{DE0C9131-57DF-4615-B2D4-8DD06A82AABE}.ExportRelease|Any CPU.ActiveCfg = ExportRelease|Any CPU
		{DE0C9131-57DF-4615-B2D4-8DD06A82AABE}.ExportRelease|Any CPU.Build.0 = ExportRelease|Any CPU
	EndGlobalSection
EndGlobal
